
Microsoft Visual Studio Solution File, Format Version 12.00
# Visual Studio Version 17
VisualStudioVersion = 17.1.32414.318
MinimumVisualStudioVersion = 10.0.40219.1
Project("{FAE04EC0-301F-11D3-BF4B-00C04F79EFBC}") = "HomeWork_1", "HomeWork_1\HomeWork_1.csproj", "{C6E7B43F-F0E4-4D3E-A919-ADCB3123C535}"
EndProject
Project("{FAE04EC0-301F-11D3-BF4B-00C04F79EFBC}") = "HomeWork_3", "HomeWork_3\HomeWork_3.csproj", "{950D951D-B6DC-47A9-BDA6-9DB08C83B254}"
EndProject
Project("{FAE04EC0-301F-11D3-BF4B-00C04F79EFBC}") = "HomeWork_2", "HomeWork_2\HomeWork_2.csproj", "{C87F97FE-B9AB-4861-9622-2AF6F9BEA1C3}"
EndProject
Project("{FAE04EC0-301F-11D3-BF4B-00C04F79EFBC}") = "HomeWork_4", "HomeWork_4\HomeWork_4.csproj", "{DF7C3870-23FB-4F44-B0DD-98838CA2B6CD}"
EndProject
Project("{FAE04EC0-301F-11D3-BF4B-00C04F79EFBC}") = "HomeWork_6", "HomeWork_6\HomeWork_6.csproj", "{3E6DA42C-6479-4290-918F-14C4380946E6}"
EndProject
Project("{FAE04EC0-301F-11D3-BF4B-00C04F79EFBC}") = "HomeWork_7", "HomeWork_7\HomeWork_7.csproj", "{BAB7FAEE-696D-47C0-B3B4-A917A32E961D}"
EndProject
Project("{FAE04EC0-301F-11D3-BF4B-00C04F79EFBC}") = "ConsoleFileManager", "ConsoleFileManager\ConsoleFileManager.csproj", "{0DF0B334-29A4-4B2E-8991-7D745CD92335}"
EndProject
Project("{FAE04EC0-301F-11D3-BF4B-00C04F79EFBC}") = "FileManager.Utils", "FileManager.Utils\FileManager.Utils.csproj", "{CF68299A-B8D0-48F0-B815-EE6E0C41AACB}"
EndProject
Global
	GlobalSection(SolutionConfigurationPlatforms) = preSolution
		Debug|Any CPU = Debug|Any CPU
		Release|Any CPU = Release|Any CPU
	EndGlobalSection
	GlobalSection(ProjectConfigurationPlatforms) = postSolution
		{C6E7B43F-F0E4-4D3E-A919-ADCB3123C535}.Debug|Any CPU.ActiveCfg = Debug|Any CPU
		{C6E7B43F-F0E4-4D3E-A919-ADCB3123C535}.Debug|Any CPU.Build.0 = Debug|Any CPU
		{C6E7B43F-F0E4-4D3E-A919-ADCB3123C535}.Release|Any CPU.ActiveCfg = Release|Any CPU
		{C6E7B43F-F0E4-4D3E-A919-ADCB3123C535}.Release|Any CPU.Build.0 = Release|Any CPU
		{950D951D-B6DC-47A9-BDA6-9DB08C83B254}.Debug|Any CPU.ActiveCfg = Debug|Any CPU
		{950D951D-B6DC-47A9-BDA6-9DB08C83B254}.Debug|Any CPU.Build.0 = Debug|Any CPU
		{950D951D-B6DC-47A9-BDA6-9DB08C83B254}.Release|Any CPU.ActiveCfg = Release|Any CPU
		{950D951D-B6DC-47A9-BDA6-9DB08C83B254}.Release|Any CPU.Build.0 = Release|Any CPU
		{C87F97FE-B9AB-4861-9622-2AF6F9BEA1C3}.Debug|Any CPU.ActiveCfg = Debug|Any CPU
		{C87F97FE-B9AB-4861-9622-2AF6F9BEA1C3}.Debug|Any CPU.Build.0 = Debug|Any CPU
		{C87F97FE-B9AB-4861-9622-2AF6F9BEA1C3}.Release|Any CPU.ActiveCfg = Release|Any CPU
		{C87F97FE-B9AB-4861-9622-2AF6F9BEA1C3}.Release|Any CPU.Build.0 = Release|Any CPU
		{DF7C3870-23FB-4F44-B0DD-98838CA2B6CD}.Debug|Any CPU.ActiveCfg = Debug|Any CPU
		{DF7C3870-23FB-4F44-B0DD-98838CA2B6CD}.Debug|Any CPU.Build.0 = Debug|Any CPU
		{DF7C3870-23FB-4F44-B0DD-98838CA2B6CD}.Release|Any CPU.ActiveCfg = Release|Any CPU
		{DF7C3870-23FB-4F44-B0DD-98838CA2B6CD}.Release|Any CPU.Build.0 = Release|Any CPU
		{3E6DA42C-6479-4290-918F-14C4380946E6}.Debug|Any CPU.ActiveCfg = Debug|Any CPU
		{3E6DA42C-6479-4290-918F-14C4380946E6}.Debug|Any CPU.Build.0 = Debug|Any CPU
		{3E6DA42C-6479-4290-918F-14C4380946E6}.Release|Any CPU.ActiveCfg = Release|Any CPU
		{3E6DA42C-6479-4290-918F-14C4380946E6}.Release|Any CPU.Build.0 = Release|Any CPU
		{BAB7FAEE-696D-47C0-B3B4-A917A32E961D}.Debug|Any CPU.ActiveCfg = Debug|Any CPU
		{BAB7FAEE-696D-47C0-B3B4-A917A32E961D}.Debug|Any CPU.Build.0 = Debug|Any CPU
		{BAB7FAEE-696D-47C0-B3B4-A917A32E961D}.Release|Any CPU.ActiveCfg = Release|Any CPU
		{BAB7FAEE-696D-47C0-B3B4-A917A32E961D}.Release|Any CPU.Build.0 = Release|Any CPU
		{0DF0B334-29A4-4B2E-8991-7D745CD92335}.Debug|Any CPU.ActiveCfg = Debug|Any CPU
		{0DF0B334-29A4-4B2E-8991-7D745CD92335}.Debug|Any CPU.Build.0 = Debug|Any CPU
		{0DF0B334-29A4-4B2E-8991-7D745CD92335}.Release|Any CPU.ActiveCfg = Release|Any CPU
		{0DF0B334-29A4-4B2E-8991-7D745CD92335}.Release|Any CPU.Build.0 = Release|Any CPU
		{CF68299A-B8D0-48F0-B815-EE6E0C41AACB}.Debug|Any CPU.ActiveCfg = Debug|Any CPU
		{CF68299A-B8D0-48F0-B815-EE6E0C41AACB}.Debug|Any CPU.Build.0 = Debug|Any CPU
		{CF68299A-B8D0-48F0-B815-EE6E0C41AACB}.Release|Any CPU.ActiveCfg = Release|Any CPU
		{CF68299A-B8D0-48F0-B815-EE6E0C41AACB}.Release|Any CPU.Build.0 = Release|Any CPU
	EndGlobalSection
	GlobalSection(SolutionProperties) = preSolution
		HideSolutionNode = FALSE
	EndGlobalSection
	GlobalSection(ExtensibilityGlobals) = postSolution
		SolutionGuid = {06BEC8C7-161F-4BFD-91A3-F838D1AE7187}
	EndGlobalSection
EndGlobal
